
Microsoft Visual Studio Solution File, Format Version 12.00
# Visual Studio Version 17
VisualStudioVersion = 17.11.35222.181
MinimumVisualStudioVersion = 10.0.40219.1
Project("{FAE04EC0-301F-11D3-BF4B-00C04F79EFBC}") = "SeleniumSpecFlow", "SeleniumSpecFlow\SeleniumSpecFlow.csproj", "{A08B07D0-A7FF-4880-8BE4-46EFBB3DBFE7}"
EndProject
Global
	GlobalSection(SolutionConfigurationPlatforms) = preSolution
		Debug|Any CPU = Debug|Any CPU
		Release|Any CPU = Release|Any CPU
	EndGlobalSection
	GlobalSection(ProjectConfigurationPlatforms) = postSolution
		{A08B07D0-A7FF-4880-8BE4-46EFBB3DBFE7}.Debug|Any CPU.ActiveCfg = Debug|Any CPU
		{A08B07D0-A7FF-4880-8BE4-46EFBB3DBFE7}.Debug|Any CPU.Build.0 = Debug|Any CPU
		{A08B07D0-A7FF-4880-8BE4-46EFBB3DBFE7}.Release|Any CPU.ActiveCfg = Release|Any CPU
		{A08B07D0-A7FF-4880-8BE4-46EFBB3DBFE7}.Release|Any CPU.Build.0 = Release|Any CPU
	EndGlobalSection
	GlobalSection(SolutionProperties) = preSolution
		HideSolutionNode = FALSE
	EndGlobalSection
	GlobalSection(ExtensibilityGlobals) = postSolution
		SolutionGuid = {51991518-0BA7-4F2A-86ED-EBB200A68195}
	EndGlobalSection
EndGlobal
